
Microsoft Visual Studio Solution File, Format Version 12.00
# Visual Studio Version 17
VisualStudioVersion = 17.0.31903.59
MinimumVisualStudioVersion = 10.0.40219.1
Project("{FAE04EC0-301F-11D3-BF4B-00C04F79EFBC}") = "MarketingSurplus", "MarketingSurplus\MarketingSurplus.csproj", "{6821A958-2973-4148-86B6-BFC627239641}"
EndProject
Global
	GlobalSection(SolutionConfigurationPlatforms) = preSolution
		Debug|Any CPU = Debug|Any CPU
		Release|Any CPU = Release|Any CPU
	EndGlobalSection
	GlobalSection(ProjectConfigurationPlatforms) = postSolution
		{6821A958-2973-4148-86B6-BFC627239641}.Debug|Any CPU.ActiveCfg = Debug|Any CPU
		{6821A958-2973-4148-86B6-BFC627239641}.Debug|Any CPU.Build.0 = Debug|Any CPU
		{6821A958-2973-4148-86B6-BFC627239641}.Release|Any CPU.ActiveCfg = Release|Any CPU
		{6821A958-2973-4148-86B6-BFC627239641}.Release|Any CPU.Build.0 = Release|Any CPU
	EndGlobalSection
	GlobalSection(SolutionProperties) = preSolution
		HideSolutionNode = FALSE
	EndGlobalSection
	GlobalSection(ExtensibilityGlobals) = postSolution
		SolutionGuid = {F44971D5-BFF4-4146-ABF2-CE2EB62150FE}
	EndGlobalSection
EndGlobal
